github.com/jstncbllr/test_lib v1.0.0 h1:KQi1+aksBoOvl7bfoRhr50uDt9B2GZJi5Z7h90A63F4=
github.com/jstncbllr/test_lib v1.0.1 h1:YX4Jo+qY8oH7XPcuE6c8xfZwN46QH8ZZzMWHj15uurA=
github.com/jstncbllr/test_lib v1.0.1/go.mod h1:lqYYhRc3W127Fv8RzB5IZNeWDeY/h+6inR6Qlxq9cII=
github.com/jstncbllr/test_lib v1.0.5 h1:qRaXu5V6d+g6RwPyNcf+VJRsbF6s4Pd6oWZY56ckkis=
github.com/jstncbllr/test_lib v1.0.5/go.mod h1:lqYYhRc3W127Fv8RzB5IZNeWDeY/h+6inR6Qlxq9cII=
